
Microsoft Visual Studio Solution File, Format Version 12.00
# Visual Studio Version 17
VisualStudioVersion = 17.5.33516.290
MinimumVisualStudioVersion = 10.0.40219.1
Project("{FAE04EC0-301F-11D3-BF4B-00C04F79EFBC}") = "Exercício06.cs", "Exercício06.cs\Exercício06.cs.csproj", "{92FF37D0-C7C4-49C3-AFEF-02FD86D446BC}"
EndProject
Global
	GlobalSection(SolutionConfigurationPlatforms) = preSolution
		Debug|Any CPU = Debug|Any CPU
		Release|Any CPU = Release|Any CPU
	EndGlobalSection
	GlobalSection(ProjectConfigurationPlatforms) = postSolution
		{92FF37D0-C7C4-49C3-AFEF-02FD86D446BC}.Debug|Any CPU.ActiveCfg = Debug|Any CPU
		{92FF37D0-C7C4-49C3-AFEF-02FD86D446BC}.Debug|Any CPU.Build.0 = Debug|Any CPU
		{92FF37D0-C7C4-49C3-AFEF-02FD86D446BC}.Release|Any CPU.ActiveCfg = Release|Any CPU
		{92FF37D0-C7C4-49C3-AFEF-02FD86D446BC}.Release|Any CPU.Build.0 = Release|Any CPU
	EndGlobalSection
	GlobalSection(SolutionProperties) = preSolution
		HideSolutionNode = FALSE
	EndGlobalSection
	GlobalSection(ExtensibilityGlobals) = postSolution
		SolutionGuid = {56A58F3F-B64D-4585-892F-B6175802E279}
	EndGlobalSection
EndGlobal
